<?xml version="1.0" encoding="utf-8"?>
<Project ToolsVersion="4.0" xmlns="http://schemas.microsoft.com/developer/msbuild/2003">
  <ItemGroup>
    <ClCompile Include="..\src\pch.cpp" />
    <ClCompile Include="..\src\main.cpp" />
    <ClCompile Include="..\src\luaenv.cpp">
      <Filter>Environment</Filter>
    </ClCompile>
    <ClCompile Include="..\src\database.cpp">
      <Filter>Threads</Filter>
    </ClCompile>
    <ClCompile Include="..\src\connection.cpp">
      <Filter>Threads</Filter>
    </ClCompile>
    <ClCompile Include="..\src\file.cpp">
      <Filter>Environment</Filter>
    </ClCompile>
    <ClCompile Include="..\src\server.cpp">
      <Filter>Environment\Server</Filter>
    </ClCompile>
    <ClCompile Include="..\src\networkmessage.cpp">
      <Filter>Environment\Server</Filter>
    </ClCompile>
    <ClCompile Include="..\src\protocol.cpp">
      <Filter>Environment\ServerProtocol</Filter>
    </ClCompile>
    <ClCompile Include="..\src\scheduler.cpp">
      <Filter>Threads</Filter>
    </ClCompile>
    <ClCompile Include="..\src\tasks.cpp">
      <Filter>Threads</Filter>
    </ClCompile>
  </ItemGroup>
  <ItemGroup>
    <ClInclude Include="..\src\pch.h" />
    <ClInclude Include="..\src\luaenv.h">
      <Filter>Environment</Filter>
    </ClInclude>
    <ClInclude Include="..\src\database.h">
      <Filter>Threads</Filter>
    </ClInclude>
    <ClInclude Include="..\src\connection.h">
      <Filter>Threads</Filter>
    </ClInclude>
    <ClInclude Include="..\src\file.h">
      <Filter>Environment</Filter>
    </ClInclude>
    <ClInclude Include="..\src\server.h">
      <Filter>Environment\Server</Filter>
    </ClInclude>
    <ClInclude Include="..\src\networkmessage.h">
      <Filter>Environment\Server</Filter>
    </ClInclude>
    <ClInclude Include="..\src\protocol.h">
      <Filter>Environment\ServerProtocol</Filter>
    </ClInclude>
    <ClInclude Include="..\src\tasks.h">
      <Filter>Threads</Filter>
    </ClInclude>
    <ClInclude Include="..\src\scheduler.h">
      <Filter>Threads</Filter>
    </ClInclude>
    <ClInclude Include="..\src\thread_holder_base.h">
      <Filter>Threads</Filter>
    </ClInclude>
  </ItemGroup>
  <ItemGroup>
    <Filter Include="Environment">
      <UniqueIdentifier>{08d6baec-e019-4f06-9d4a-fafdb495987e}</UniqueIdentifier>
    </Filter>
    <Filter Include="Threads">
      <UniqueIdentifier>{cbe7e68a-4760-49f4-b14e-ea9b96dc53fb}</UniqueIdentifier>
    </Filter>
    <Filter Include="Environment\Server">
      <UniqueIdentifier>{880e72c7-2e42-4106-9c01-fc9b78543aac}</UniqueIdentifier>
    </Filter>
    <Filter Include="Environment\ServerProtocol">
      <UniqueIdentifier>{20298f5a-1827-42ad-9ad9-3d9cd6e0439e}</UniqueIdentifier>
    </Filter>
  </ItemGroup>
</Project>